{
  "name": "fwadm",
  "version": "1.0.0",
  "dependencies": {
    "assert-plus": {
      "version": "0.1.2",
      "from": "assert-plus@0.1.2"
    },
    "bunyan": {
      "version": "0.14.6",
      "from": "bunyan@0.14.6",
      "resolved": "https://registry.npmjs.org/bunyan/-/bunyan-0.14.6.tgz"
    },
    "clone": {
      "version": "0.1.4",
      "from": "clone@0.1.4"
    },
    "cmdln": {
      "version": "1.1.1",
      "from": "cmdln@1.1.1",
      "dependencies": {
        "dashdash": {
          "version": "1.2.0",
          "from": "dashdash@1.2.0"
        }
      }
    },
    "extsprintf": {
      "version": "1.0.2",
      "from": "extsprintf@1.0.2"
    },
    "mkdirp": {
      "version": "0.3.4",
      "from": "mkdirp@0.3.4",
      "resolved": "https://registry.npmjs.org/mkdirp/-/mkdirp-0.3.4.tgz"
    },
    "node-uuid": {
      "version": "1.2.0",
      "from": "node-uuid@1.2.0"
    },
    "nopt": {
      "version": "1.0.10",
      "from": "nopt@1.0.10",
      "resolved": "https://registry.npmjs.org/nopt/-/nopt-1.0.10.tgz",
      "dependencies": {
        "abbrev": {
          "version": "1.0.4",
          "from": "abbrev@1"
        }
      }
    },
    "vasync": {
      "version": "1.3.2",
      "from": "vasync@1.3.2",
      "dependencies": {
        "verror": {
          "version": "1.1.0",
          "from": "verror@1.1.0",
          "dependencies": {
            "extsprintf": {
              "version": "1.0.0",
              "from": "extsprintf@1.0.0"
            }
          }
        }
      }
    },
    "verror": {
      "version": "1.3.6",
      "from": "verror@1.3.6"
    },
    "mockery": {
      "version": "1.2.0",
      "from": "mockery@1.2.0"
    },
    "nodeunit": {
      "version": "0.7.4",
      "from": "nodeunit@git://github.com/rgulewich/nodeunit.git#80a3876",
      "resolved": "git://github.com/rgulewich/nodeunit.git#80a3876b32de672867927be9b7aefd646c358d00",
      "dependencies": {
        "tap": {
          "version": "0.4.1",
          "from": "tap@>=0.2.3",
          "resolved": "https://registry.npmjs.org/tap/-/tap-0.4.1.tgz",
          "dependencies": {
            "inherits": {
              "version": "1.0.0"
            },
            "yamlish": {
              "version": "0.0.5"
            },
            "slide": {
              "version": "1.1.3",
              "from": "slide@*"
            },
            "runforcover": {
              "version": "0.0.2",
              "from": "runforcover@~0.0.2",
              "dependencies": {
                "bunker": {
                  "version": "0.1.2",
                  "from": "bunker@0.1.X",
                  "dependencies": {
                    "burrito": {
                      "version": "0.2.12",
                      "from": "burrito@>=0.2.5 <0.3",
                      "dependencies": {
                        "traverse": {
                          "version": "0.5.2",
                          "from": "traverse@~0.5.1"
                        },
                        "uglify-js": {
                          "version": "1.1.1",
                          "from": "uglify-js@~1.1.1"
                        }
                      }
                    }
                  }
                }
              }
            },
            "nopt": {
              "version": "2.1.1",
              "from": "nopt@~2",
              "dependencies": {
                "abbrev": {
                  "version": "1.0.4",
                  "from": "abbrev@1"
                }
              }
            },
            "difflet": {
              "version": "0.2.3",
              "from": "difflet@~0.2.0",
              "dependencies": {
                "traverse": {
                  "version": "0.6.3",
                  "from": "traverse@0.6.x"
                },
                "charm": {
                  "version": "0.0.8",
                  "from": "charm@0.0.x"
                }
              }
            },
            "deep-equal": {
              "version": "0.0.0",
              "from": "deep-equal@~0.0.0"
            },
            "buffer-equal": {
              "version": "0.0.0",
              "from": "buffer-equal@~0.0.0"
            },
            "glob": {
              "version": "3.1.21",
              "from": "glob@~3.1.14",
              "dependencies": {
                "minimatch": {
                  "version": "0.2.11",
                  "from": "minimatch@~0.2.11",
                  "dependencies": {
                    "lru-cache": {
                      "version": "2.3.0",
                      "from": "lru-cache@2",
                      "resolved": "https://registry.npmjs.org/lru-cache/-/lru-cache-2.3.0.tgz"
                    },
                    "sigmund": {
                      "version": "1.0.0",
                      "from": "sigmund@~1.0.0"
                    }
                  }
                },
                "graceful-fs": {
                  "version": "1.2.0",
                  "from": "graceful-fs@~1.2.0"
                },
                "inherits": {
                  "version": "1.0.0",
                  "from": "inherits@1"
                }
              }
            }
          }
        }
      }
    }
  }
}
