{
  "name": "fwadm",
  "version": "1.0.0",
  "dependencies": {
    "assert-plus": {
      "version": "0.1.2"
    },
    "bunyan": {
      "version": "0.14.6"
    },
    "clone": {
      "version": "0.1.4"
    },
    "extsprintf": {
      "version": "1.0.1"
    },
    "mkdirp": {
      "version": "0.3.4"
    },
    "node-uuid": {
      "version": "1.2.0"
    },
    "nopt": {
      "version": "1.0.10",
      "dependencies": {
        "abbrev": {
          "version": "1.0.3"
        }
      }
    },
    "vasync": {
      "version": "1.3.2",
      "dependencies": {
        "verror": {
          "version": "1.1.0",
          "dependencies": {
            "extsprintf": {
              "version": "1.0.0"
            }
          }
        }
      }
    },
    "verror": {
      "version": "1.3.4",
      "dependencies": {
        "extsprintf": {
          "version": "1.0.0"
        }
      }
    },
    "mockery": {
      "version": "1.2.0"
    },
    "jison": {
      "version": "0.3.12",
      "dependencies": {
        "JSONSelect": {
          "version": "0.4.0"
        },
        "reflect": {
          "version": "0.0.7"
        },
        "nomnom": {
          "version": "0.4.3",
          "dependencies": {
            "underscore": {
              "version": "1.4.2"
            }
          }
        }
      }
    },
    "nodeunit": {
      "version": "0.7.4",
      "dependencies": {
        "tap": {
          "version": "0.3.3",
          "dependencies": {
            "inherits": {
              "version": "1.0.0"
            },
            "yamlish": {
              "version": "0.0.5"
            },
            "slide": {
              "version": "1.1.3"
            },
            "runforcover": {
              "version": "0.0.2",
              "dependencies": {
                "bunker": {
                  "version": "0.1.2",
                  "dependencies": {
                    "burrito": {
                      "version": "0.2.12",
                      "dependencies": {
                        "traverse": {
                          "version": "0.5.2"
                        },
                        "uglify-js": {
                          "version": "1.1.1"
                        }
                      }
                    }
                  }
                }
              }
            },
            "nopt": {
              "version": "2.0.0",
              "dependencies": {
                "abbrev": {
                  "version": "1.0.3"
                }
              }
            },
            "difflet": {
              "version": "0.2.3",
              "dependencies": {
                "traverse": {
                  "version": "0.6.3"
                },
                "charm": {
                  "version": "0.0.8"
                }
              }
            },
            "deep-equal": {
              "version": "0.0.0"
            },
            "buffer-equal": {
              "version": "0.0.0"
            }
          }
        }
      }
    }
  }
}
